
Microsoft Visual Studio Solution File, Format Version 12.00
# Visual Studio 15
VisualStudioVersion = 15.0.27004.2005
MinimumVisualStudioVersion = 10.0.40219.1
Project("{FAE04EC0-301F-11D3-BF4B-00C04F79EFBC}") = "EFPaginationExample", "EFPaginationExample\EFPaginationExample.csproj", "{E2AC770D-0B6A-42BB-AD6F-1B2D37D3DC22}"
EndProject
Global
	GlobalSection(SolutionConfigurationPlatforms) = preSolution
		Debug|Any CPU = Debug|Any CPU
		Release|Any CPU = Release|Any CPU
	EndGlobalSection
	GlobalSection(ProjectConfigurationPlatforms) = postSolution
		{E2AC770D-0B6A-42BB-AD6F-1B2D37D3DC22}.Debug|Any CPU.ActiveCfg = Debug|Any CPU
		{E2AC770D-0B6A-42BB-AD6F-1B2D37D3DC22}.Debug|Any CPU.Build.0 = Debug|Any CPU
		{E2AC770D-0B6A-42BB-AD6F-1B2D37D3DC22}.Release|Any CPU.ActiveCfg = Release|Any CPU
		{E2AC770D-0B6A-42BB-AD6F-1B2D37D3DC22}.Release|Any CPU.Build.0 = Release|Any CPU
	EndGlobalSection
	GlobalSection(SolutionProperties) = preSolution
		HideSolutionNode = FALSE
	EndGlobalSection
	GlobalSection(ExtensibilityGlobals) = postSolution
		SolutionGuid = {876D3DC3-94D7-47DB-9751-18F39B3C7F3C}
	EndGlobalSection
EndGlobal
